
Microsoft Visual Studio Solution File, Format Version 12.00
# Visual Studio 15
VisualStudioVersion = 15.0.27703.2026
MinimumVisualStudioVersion = 10.0.40219.1
Project("{FAE04EC0-301F-11D3-BF4B-00C04F79EFBC}") = "basedata_stas", "basedata_stas\basedata_stas.csproj", "{EB68DE3E-5DDD-4755-8AAE-572ED343D48F}"
EndProject
Global
	GlobalSection(SolutionConfigurationPlatforms) = preSolution
		Debug|Any CPU = Debug|Any CPU
		Release|Any CPU = Release|Any CPU
	EndGlobalSection
	GlobalSection(ProjectConfigurationPlatforms) = postSolution
		{EB68DE3E-5DDD-4755-8AAE-572ED343D48F}.Debug|Any CPU.ActiveCfg = Debug|Any CPU
		{EB68DE3E-5DDD-4755-8AAE-572ED343D48F}.Debug|Any CPU.Build.0 = Debug|Any CPU
		{EB68DE3E-5DDD-4755-8AAE-572ED343D48F}.Release|Any CPU.ActiveCfg = Release|Any CPU
		{EB68DE3E-5DDD-4755-8AAE-572ED343D48F}.Release|Any CPU.Build.0 = Release|Any CPU
	EndGlobalSection
	GlobalSection(SolutionProperties) = preSolution
		HideSolutionNode = FALSE
	EndGlobalSection
	GlobalSection(ExtensibilityGlobals) = postSolution
		SolutionGuid = {FDAACAE7-4689-4BE7-BF59-F6806933E843}
	EndGlobalSection
EndGlobal
